// !$*UTF8*$!
{
	archiveVersion = 1;
	classes = {
	};
	objectVersion = 46;
	objects = {

/* Begin PBXBuildFile section */
		057C90F3D9A98F90404F0636 /* Pods_reddit_sfw.framework in Frameworks */ = {isa = PBXBuildFile; fileRef = 9DD2FCCA770FEF197A704B60 /* Pods_reddit_sfw.framework */; };
		520C00831E2C5F6A00D1868C /* AppDelegate.swift in Sources */ = {isa = PBXBuildFile; fileRef = 520C00821E2C5F6A00D1868C /* AppDelegate.swift */; };
		520C00851E2C5F6A00D1868C /* ViewController.swift in Sources */ = {isa = PBXBuildFile; fileRef = 520C00841E2C5F6A00D1868C /* ViewController.swift */; };
		520C00881E2C5F6A00D1868C /* Main.storyboard in Resources */ = {isa = PBXBuildFile; fileRef = 520C00861E2C5F6A00D1868C /* Main.storyboard */; };
		520C008D1E2C5F6A00D1868C /* Assets.xcassets in Resources */ = {isa = PBXBuildFile; fileRef = 520C008C1E2C5F6A00D1868C /* Assets.xcassets */; };
		520C00901E2C5F6A00D1868C /* LaunchScreen.storyboard in Resources */ = {isa = PBXBuildFile; fileRef = 520C008E1E2C5F6A00D1868C /* LaunchScreen.storyboard */; };
		52B8BED91E305E8300006934 /* EntryCommentsViewController.swift in Sources */ = {isa = PBXBuildFile; fileRef = 52B8BED81E305E8300006934 /* EntryCommentsViewController.swift */; };
		52B8BEDB1E31A01F00006934 /* CommentModel.swift in Sources */ = {isa = PBXBuildFile; fileRef = 52B8BEDA1E31A01F00006934 /* CommentModel.swift */; };
		52B8BEDD1E31A47500006934 /* CommentViewCell.swift in Sources */ = {isa = PBXBuildFile; fileRef = 52B8BEDC1E31A47500006934 /* CommentViewCell.swift */; };
		52BE0DDB1E39A3D600078233 /* ExternalEntryURLViewController.swift in Sources */ = {isa = PBXBuildFile; fileRef = 52BE0DDA1E39A3D600078233 /* ExternalEntryURLViewController.swift */; };
		9129031DF20DBE96F995F9A5 /* EntryModel.swift in Sources */ = {isa = PBXBuildFile; fileRef = 912903A186301C61E08A4B4A /* EntryModel.swift */; };
		91290BECD44BC6382C3E43E6 /* EntryTableViewCell.swift in Sources */ = {isa = PBXBuildFile; fileRef = 91290F36BD11B588CADF6A09 /* EntryTableViewCell.swift */; };
/* End PBXBuildFile section */

/* Begin PBXFileReference section */
		520C007F1E2C5F6A00D1868C /* reddit-sfw.app */ = {isa = PBXFileReference; explicitFileType = wrapper.application; includeInIndex = 0; path = "reddit-sfw.app"; sourceTree = BUILT_PRODUCTS_DIR; };
		520C00821E2C5F6A00D1868C /* AppDelegate.swift */ = {isa = PBXFileReference; lastKnownFileType = sourcecode.swift; path = AppDelegate.swift; sourceTree = "<group>"; };
		520C00841E2C5F6A00D1868C /* ViewController.swift */ = {isa = PBXFileReference; lastKnownFileType = sourcecode.swift; path = ViewController.swift; sourceTree = "<group>"; };
		520C00871E2C5F6A00D1868C /* Base */ = {isa = PBXFileReference; lastKnownFileType = file.storyboard; name = Base; path = Base.lproj/Main.storyboard; sourceTree = "<group>"; };
		520C008C1E2C5F6A00D1868C /* Assets.xcassets */ = {isa = PBXFileReference; lastKnownFileType = folder.assetcatalog; path = Assets.xcassets; sourceTree = "<group>"; };
		520C008F1E2C5F6A00D1868C /* Base */ = {isa = PBXFileReference; lastKnownFileType = file.storyboard; name = Base; path = Base.lproj/LaunchScreen.storyboard; sourceTree = "<group>"; };
		520C00911E2C5F6A00D1868C /* Info.plist */ = {isa = PBXFileReference; lastKnownFileType = text.plist.xml; path = Info.plist; sourceTree = "<group>"; };
		52B8BED81E305E8300006934 /* EntryCommentsViewController.swift */ = {isa = PBXFileReference; fileEncoding = 4; lastKnownFileType = sourcecode.swift; name = EntryCommentsViewController.swift; path = Views/EntryCommentsViewController.swift; sourceTree = "<group>"; };
		52B8BEDA1E31A01F00006934 /* CommentModel.swift */ = {isa = PBXFileReference; fileEncoding = 4; lastKnownFileType = sourcecode.swift; path = CommentModel.swift; sourceTree = "<group>"; };
		52B8BEDC1E31A47500006934 /* CommentViewCell.swift */ = {isa = PBXFileReference; fileEncoding = 4; lastKnownFileType = sourcecode.swift; path = CommentViewCell.swift; sourceTree = "<group>"; };
		52BE0DDA1E39A3D600078233 /* ExternalEntryURLViewController.swift */ = {isa = PBXFileReference; fileEncoding = 4; lastKnownFileType = sourcecode.swift; path = ExternalEntryURLViewController.swift; sourceTree = "<group>"; };
		5A3D3CB5E3C4DF5510D8919B /* Pods-reddit-sfw.release.xcconfig */ = {isa = PBXFileReference; includeInIndex = 1; lastKnownFileType = text.xcconfig; name = "Pods-reddit-sfw.release.xcconfig"; path = "Pods/Target Support Files/Pods-reddit-sfw/Pods-reddit-sfw.release.xcconfig"; sourceTree = "<group>"; };
		62CEE17AC7C92B1D8008E8E9 /* Pods-reddit-sfw.debug.xcconfig */ = {isa = PBXFileReference; includeInIndex = 1; lastKnownFileType = text.xcconfig; name = "Pods-reddit-sfw.debug.xcconfig"; path = "Pods/Target Support Files/Pods-reddit-sfw/Pods-reddit-sfw.debug.xcconfig"; sourceTree = "<group>"; };
		912903A186301C61E08A4B4A /* EntryModel.swift */ = {isa = PBXFileReference; fileEncoding = 4; lastKnownFileType = sourcecode.swift; path = EntryModel.swift; sourceTree = "<group>"; };
		91290F36BD11B588CADF6A09 /* EntryTableViewCell.swift */ = {isa = PBXFileReference; fileEncoding = 4; lastKnownFileType = sourcecode.swift; path = EntryTableViewCell.swift; sourceTree = "<group>"; };
		9DD2FCCA770FEF197A704B60 /* Pods_reddit_sfw.framework */ = {isa = PBXFileReference; explicitFileType = wrapper.framework; includeInIndex = 0; path = Pods_reddit_sfw.framework; sourceTree = BUILT_PRODUCTS_DIR; };
/* End PBXFileReference section */

/* Begin PBXFrameworksBuildPhase section */
		520C007C1E2C5F6A00D1868C /* Frameworks */ = {
			isa = PBXFrameworksBuildPhase;
			buildActionMask = 2147483647;
			files = (
				057C90F3D9A98F90404F0636 /* Pods_reddit_sfw.framework in Frameworks */,
			);
			runOnlyForDeploymentPostprocessing = 0;
		};
/* End PBXFrameworksBuildPhase section */

/* Begin PBXGroup section */
		4821641B44E496BFF5C9EFF6 /* Pods */ = {
			isa = PBXGroup;
			children = (
				62CEE17AC7C92B1D8008E8E9 /* Pods-reddit-sfw.debug.xcconfig */,
				5A3D3CB5E3C4DF5510D8919B /* Pods-reddit-sfw.release.xcconfig */,
			);
			name = Pods;
			sourceTree = "<group>";
		};
		520C00761E2C5F6A00D1868C = {
			isa = PBXGroup;
			children = (
				520C00811E2C5F6A00D1868C /* reddit-sfw */,
				520C00801E2C5F6A00D1868C /* Products */,
				4821641B44E496BFF5C9EFF6 /* Pods */,
				B7F4520678C2E149B9057081 /* Frameworks */,
			);
			sourceTree = "<group>";
		};
		520C00801E2C5F6A00D1868C /* Products */ = {
			isa = PBXGroup;
			children = (
				520C007F1E2C5F6A00D1868C /* reddit-sfw.app */,
			);
			name = Products;
			sourceTree = "<group>";
		};
		520C00811E2C5F6A00D1868C /* reddit-sfw */ = {
			isa = PBXGroup;
			children = (
				520C00821E2C5F6A00D1868C /* AppDelegate.swift */,
				520C008C1E2C5F6A00D1868C /* Assets.xcassets */,
				52B8BEDE1E36EF7500006934 /* Controllers */,
				520C00911E2C5F6A00D1868C /* Info.plist */,
				520C008E1E2C5F6A00D1868C /* LaunchScreen.storyboard */,
				520C00861E2C5F6A00D1868C /* Main.storyboard */,
				912900A03EFF87BD05D6A25B /* Models */,
				91290FE3686857C892EEFDAA /* Views */,
			);
			path = "reddit-sfw";
			sourceTree = "<group>";
		};
		52B8BEDE1E36EF7500006934 /* Controllers */ = {
			isa = PBXGroup;
			children = (
				520C00841E2C5F6A00D1868C /* ViewController.swift */,
				52B8BED81E305E8300006934 /* EntryCommentsViewController.swift */,
				52BE0DDA1E39A3D600078233 /* ExternalEntryURLViewController.swift */,
			);
			name = Controllers;
			sourceTree = "<group>";
		};
		912900A03EFF87BD05D6A25B /* Models */ = {
			isa = PBXGroup;
			children = (
				912903A186301C61E08A4B4A /* EntryModel.swift */,
				52B8BEDA1E31A01F00006934 /* CommentModel.swift */,
			);
			path = Models;
			sourceTree = "<group>";
		};
		91290FE3686857C892EEFDAA /* Views */ = {
			isa = PBXGroup;
			children = (
				91290F36BD11B588CADF6A09 /* EntryTableViewCell.swift */,
				52B8BEDC1E31A47500006934 /* CommentViewCell.swift */,
			);
			path = Views;
			sourceTree = "<group>";
		};
		B7F4520678C2E149B9057081 /* Frameworks */ = {
			isa = PBXGroup;
			children = (
				9DD2FCCA770FEF197A704B60 /* Pods_reddit_sfw.framework */,
			);
			name = Frameworks;
			sourceTree = "<group>";
		};
/* End PBXGroup section */

/* Begin PBXNativeTarget section */
		520C007E1E2C5F6A00D1868C /* reddit-sfw */ = {
			isa = PBXNativeTarget;
			buildConfigurationList = 520C00941E2C5F6A00D1868C /* Build configuration list for PBXNativeTarget "reddit-sfw" */;
			buildPhases = (
				0FA1997FEAE232454D60C4C2 /* [CP] Check Pods Manifest.lock */,
				520C007B1E2C5F6A00D1868C /* Sources */,
				520C007C1E2C5F6A00D1868C /* Frameworks */,
				520C007D1E2C5F6A00D1868C /* Resources */,
				9F995C4B0C135940E672E34D /* [CP] Embed Pods Frameworks */,
				EF360069350129D8789B66B6 /* [CP] Copy Pods Resources */,
			);
			buildRules = (
			);
			dependencies = (
			);
			name = "reddit-sfw";
			productName = "reddit-sfw";
			productReference = 520C007F1E2C5F6A00D1868C /* reddit-sfw.app */;
			productType = "com.apple.product-type.application";
		};
/* End PBXNativeTarget section */

/* Begin PBXProject section */
		520C00771E2C5F6A00D1868C /* Project object */ = {
			isa = PBXProject;
			attributes = {
				LastSwiftUpdateCheck = 0820;
				LastUpgradeCheck = 0820;
				ORGANIZATIONNAME = "Vrymel Omandam";
				TargetAttributes = {
					520C007E1E2C5F6A00D1868C = {
						CreatedOnToolsVersion = 8.2.1;
						DevelopmentTeam = 7997MZY36V;
						ProvisioningStyle = Automatic;
					};
				};
			};
			buildConfigurationList = 520C007A1E2C5F6A00D1868C /* Build configuration list for PBXProject "reddit-sfw" */;
			compatibilityVersion = "Xcode 3.2";
			developmentRegion = English;
			hasScannedForEncodings = 0;
			knownRegions = (
				en,
				Base,
			);
			mainGroup = 520C00761E2C5F6A00D1868C;
			productRefGroup = 520C00801E2C5F6A00D1868C /* Products */;
			projectDirPath = "";
			projectRoot = "";
			targets = (
				520C007E1E2C5F6A00D1868C /* reddit-sfw */,
			);
		};
/* End PBXProject section */

/* Begin PBXResourcesBuildPhase section */
		520C007D1E2C5F6A00D1868C /* Resources */ = {
			isa = PBXResourcesBuildPhase;
			buildActionMask = 2147483647;
			files = (
				520C00901E2C5F6A00D1868C /* LaunchScreen.storyboard in Resources */,
				520C008D1E2C5F6A00D1868C /* Assets.xcassets in Resources */,
				520C00881E2C5F6A00D1868C /* Main.storyboard in Resources */,
			);
			runOnlyForDeploymentPostprocessing = 0;
		};
/* End PBXResourcesBuildPhase section */

/* Begin PBXShellScriptBuildPhase section */
		0FA1997FEAE232454D60C4C2 /* [CP] Check Pods Manifest.lock */ = {
			isa = PBXShellScriptBuildPhase;
			buildActionMask = 2147483647;
			files = (
			);
			inputPaths = (
			);
			name = "[CP] Check Pods Manifest.lock";
			outputPaths = (
			);
			runOnlyForDeploymentPostprocessing = 0;
			shellPath = /bin/sh;
			shellScript = "diff \"${PODS_ROOT}/../Podfile.lock\" \"${PODS_ROOT}/Manifest.lock\" > /dev/null\nif [ $? != 0 ] ; then\n    # print error to STDERR\n    echo \"error: The sandbox is not in sync with the Podfile.lock. Run 'pod install' or update your CocoaPods installation.\" >&2\n    exit 1\nfi\n";
			showEnvVarsInLog = 0;
		};
		9F995C4B0C135940E672E34D /* [CP] Embed Pods Frameworks */ = {
			isa = PBXShellScriptBuildPhase;
			buildActionMask = 2147483647;
			files = (
			);
			inputPaths = (
			);
			name = "[CP] Embed Pods Frameworks";
			outputPaths = (
			);
			runOnlyForDeploymentPostprocessing = 0;
			shellPath = /bin/sh;
			shellScript = "\"${SRCROOT}/Pods/Target Support Files/Pods-reddit-sfw/Pods-reddit-sfw-frameworks.sh\"\n";
			showEnvVarsInLog = 0;
		};
		EF360069350129D8789B66B6 /* [CP] Copy Pods Resources */ = {
			isa = PBXShellScriptBuildPhase;
			buildActionMask = 2147483647;
			files = (
			);
			inputPaths = (
			);
			name = "[CP] Copy Pods Resources";
			outputPaths = (
			);
			runOnlyForDeploymentPostprocessing = 0;
			shellPath = /bin/sh;
			shellScript = "\"${SRCROOT}/Pods/Target Support Files/Pods-reddit-sfw/Pods-reddit-sfw-resources.sh\"\n";
			showEnvVarsInLog = 0;
		};
/* End PBXShellScriptBuildPhase section */

/* Begin PBXSourcesBuildPhase section */
		520C007B1E2C5F6A00D1868C /* Sources */ = {
			isa = PBXSourcesBuildPhase;
			buildActionMask = 2147483647;
			files = (
				520C00851E2C5F6A00D1868C /* ViewController.swift in Sources */,
				52B8BEDB1E31A01F00006934 /* CommentModel.swift in Sources */,
				520C00831E2C5F6A00D1868C /* AppDelegate.swift in Sources */,
				91290BECD44BC6382C3E43E6 /* EntryTableViewCell.swift in Sources */,
				52B8BEDD1E31A47500006934 /* CommentViewCell.swift in Sources */,
				52B8BED91E305E8300006934 /* EntryCommentsViewController.swift in Sources */,
				52BE0DDB1E39A3D600078233 /* ExternalEntryURLViewController.swift in Sources */,
				9129031DF20DBE96F995F9A5 /* EntryModel.swift in Sources */,
			);
			runOnlyForDeploymentPostprocessing = 0;
		};
/* End PBXSourcesBuildPhase section */

/* Begin PBXVariantGroup section */
		520C00861E2C5F6A00D1868C /* Main.storyboard */ = {
			isa = PBXVariantGroup;
			children = (
				520C00871E2C5F6A00D1868C /* Base */,
			);
			name = Main.storyboard;
			sourceTree = "<group>";
		};
		520C008E1E2C5F6A00D1868C /* LaunchScreen.storyboard */ = {
			isa = PBXVariantGroup;
			children = (
				520C008F1E2C5F6A00D1868C /* Base */,
			);
			name = LaunchScreen.storyboard;
			sourceTree = "<group>";
		};
/* End PBXVariantGroup section */

/* Begin XCBuildConfiguration section */
		520C00921E2C5F6A00D1868C /* Debug */ = {
			isa = XCBuildConfiguration;
			buildSettings = {
				ALWAYS_SEARCH_USER_PATHS = NO;
				CLANG_ANALYZER_NONNULL = YES;
				CLANG_CXX_LANGUAGE_STANDARD = "gnu++0x";
				CLANG_CXX_LIBRARY = "libc++";
				CLANG_ENABLE_MODULES = YES;
				CLANG_ENABLE_OBJC_ARC = YES;
				CLANG_WARN_BOOL_CONVERSION = YES;
				CLANG_WARN_CONSTANT_CONVERSION = YES;
				CLANG_WARN_DIRECT_OBJC_ISA_USAGE = YES_ERROR;
				CLANG_WARN_DOCUMENTATION_COMMENTS = YES;
				CLANG_WARN_EMPTY_BODY = YES;
				CLANG_WARN_ENUM_CONVERSION = YES;
				CLANG_WARN_INFINITE_RECURSION = YES;
				CLANG_WARN_INT_CONVERSION = YES;
				CLANG_WARN_OBJC_ROOT_CLASS = YES_ERROR;
				CLANG_WARN_SUSPICIOUS_MOVE = YES;
				CLANG_WARN_UNREACHABLE_CODE = YES;
				CLANG_WARN__DUPLICATE_METHOD_MATCH = YES;
				"CODE_SIGN_IDENTITY[sdk=iphoneos*]" = "iPhone Developer";
				COPY_PHASE_STRIP = NO;
				DEBUG_INFORMATION_FORMAT = dwarf;
				ENABLE_STRICT_OBJC_MSGSEND = YES;
				ENABLE_TESTABILITY = YES;
				GCC_C_LANGUAGE_STANDARD = gnu99;
				GCC_DYNAMIC_NO_PIC = NO;
				GCC_NO_COMMON_BLOCKS = YES;
				GCC_OPTIMIZATION_LEVEL = 0;
				GCC_PREPROCESSOR_DEFINITIONS = (
					"DEBUG=1",
					"$(inherited)",
				);
				GCC_WARN_64_TO_32_BIT_CONVERSION = YES;
				GCC_WARN_ABOUT_RETURN_TYPE = YES_ERROR;
				GCC_WARN_UNDECLARED_SELECTOR = YES;
				GCC_WARN_UNINITIALIZED_AUTOS = YES_AGGRESSIVE;
				GCC_WARN_UNUSED_FUNCTION = YES;
				GCC_WARN_UNUSED_VARIABLE = YES;
				IPHONEOS_DEPLOYMENT_TARGET = 10.2;
				MTL_ENABLE_DEBUG_INFO = YES;
				ONLY_ACTIVE_ARCH = YES;
				SDKROOT = iphoneos;
				SWIFT_ACTIVE_COMPILATION_CONDITIONS = DEBUG;
				SWIFT_OPTIMIZATION_LEVEL = "-Onone";
				TARGETED_DEVICE_FAMILY = "1,2";
			};
			name = Debug;
		};
		520C00931E2C5F6A00D1868C /* Release */ = {
			isa = XCBuildConfiguration;
			buildSettings = {
				ALWAYS_SEARCH_USER_PATHS = NO;
				CLANG_ANALYZER_NONNULL = YES;
				CLANG_CXX_LANGUAGE_STANDARD = "gnu++0x";
				CLANG_CXX_LIBRARY = "libc++";
				CLANG_ENABLE_MODULES = YES;
				CLANG_ENABLE_OBJC_ARC = YES;
				CLANG_WARN_BOOL_CONVERSION = YES;
				CLANG_WARN_CONSTANT_CONVERSION = YES;
				CLANG_WARN_DIRECT_OBJC_ISA_USAGE = YES_ERROR;
				CLANG_WARN_DOCUMENTATION_COMMENTS = YES;
				CLANG_WARN_EMPTY_BODY = YES;
				CLANG_WARN_ENUM_CONVERSION = YES;
				CLANG_WARN_INFINITE_RECURSION = YES;
				CLANG_WARN_INT_CONVERSION = YES;
				CLANG_WARN_OBJC_ROOT_CLASS = YES_ERROR;
				CLANG_WARN_SUSPICIOUS_MOVE = YES;
				CLANG_WARN_UNREACHABLE_CODE = YES;
				CLANG_WARN__DUPLICATE_METHOD_MATCH = YES;
				"CODE_SIGN_IDENTITY[sdk=iphoneos*]" = "iPhone Developer";
				COPY_PHASE_STRIP = NO;
				DEBUG_INFORMATION_FORMAT = "dwarf-with-dsym";
				ENABLE_NS_ASSERTIONS = NO;
				ENABLE_STRICT_OBJC_MSGSEND = YES;
				GCC_C_LANGUAGE_STANDARD = gnu99;
				GCC_NO_COMMON_BLOCKS = YES;
				GCC_WARN_64_TO_32_BIT_CONVERSION = YES;
				GCC_WARN_ABOUT_RETURN_TYPE = YES_ERROR;
				GCC_WARN_UNDECLARED_SELECTOR = YES;
				GCC_WARN_UNINITIALIZED_AUTOS = YES_AGGRESSIVE;
				GCC_WARN_UNUSED_FUNCTION = YES;
				GCC_WARN_UNUSED_VARIABLE = YES;
				IPHONEOS_DEPLOYMENT_TARGET = 10.2;
				MTL_ENABLE_DEBUG_INFO = NO;
				SDKROOT = iphoneos;
				SWIFT_OPTIMIZATION_LEVEL = "-Owholemodule";
				TARGETED_DEVICE_FAMILY = "1,2";
				VALIDATE_PRODUCT = YES;
			};
			name = Release;
		};
		520C00951E2C5F6A00D1868C /* Debug */ = {
			isa = XCBuildConfiguration;
			baseConfigurationReference = 62CEE17AC7C92B1D8008E8E9 /* Pods-reddit-sfw.debug.xcconfig */;
			buildSettings = {
				ASSETCATALOG_COMPILER_APPICON_NAME = AppIcon;
				DEVELOPMENT_TEAM = 7997MZY36V;
				INFOPLIST_FILE = "reddit-sfw/Info.plist";
				LD_RUNPATH_SEARCH_PATHS = "$(inherited) @executable_path/Frameworks";
				PRODUCT_BUNDLE_IDENTIFIER = "com.innovuze.reddit-sfw";
				PRODUCT_NAME = "$(TARGET_NAME)";
				SWIFT_VERSION = 3.0;
			};
			name = Debug;
		};
		520C00961E2C5F6A00D1868C /* Release */ = {
			isa = XCBuildConfiguration;
			baseConfigurationReference = 5A3D3CB5E3C4DF5510D8919B /* Pods-reddit-sfw.release.xcconfig */;
			buildSettings = {
				ASSETCATALOG_COMPILER_APPICON_NAME = AppIcon;
				DEVELOPMENT_TEAM = 7997MZY36V;
				INFOPLIST_FILE = "reddit-sfw/Info.plist";
				LD_RUNPATH_SEARCH_PATHS = "$(inherited) @executable_path/Frameworks";
				PRODUCT_BUNDLE_IDENTIFIER = "com.innovuze.reddit-sfw";
				PRODUCT_NAME = "$(TARGET_NAME)";
				SWIFT_VERSION = 3.0;
			};
			name = Release;
		};
/* End XCBuildConfiguration section */

/* Begin XCConfigurationList section */
		520C007A1E2C5F6A00D1868C /* Build configuration list for PBXProject "reddit-sfw" */ = {
			isa = XCConfigurationList;
			buildConfigurations = (
				520C00921E2C5F6A00D1868C /* Debug */,
				520C00931E2C5F6A00D1868C /* Release */,
			);
			defaultConfigurationIsVisible = 0;
			defaultConfigurationName = Release;
		};
		520C00941E2C5F6A00D1868C /* Build configuration list for PBXNativeTarget "reddit-sfw" */ = {
			isa = XCConfigurationList;
			buildConfigurations = (
				520C00951E2C5F6A00D1868C /* Debug */,
				520C00961E2C5F6A00D1868C /* Release */,
			);
			defaultConfigurationIsVisible = 0;
			defaultConfigurationName = Release;
		};
/* End XCConfigurationList section */
	};
	rootObject = 520C00771E2C5F6A00D1868C /* Project object */;
}
